
Microsoft Visual Studio Solution File, Format Version 12.00
# Visual Studio Version 17
VisualStudioVersion = 17.0.31903.59
MinimumVisualStudioVersion = 10.0.40219.1
Project("{FAE04EC0-301F-11D3-BF4B-00C04F79EFBC}") = "API", "API\API.csproj", "{F20954DB-5CC0-4818-BDE2-6F1D417DD98C}"
EndProject
Project("{FAE04EC0-301F-11D3-BF4B-00C04F79EFBC}") = "Dominio", "Dominio\Dominio.csproj", "{84988B08-F3E1-4A21-A84E-001909D7D9DD}"
EndProject
Project("{FAE04EC0-301F-11D3-BF4B-00C04F79EFBC}") = "Persistencia", "Persistencia\Persistencia.csproj", "{9E93E226-9F96-4102-9303-FBE23672BCA7}"
EndProject
Project("{FAE04EC0-301F-11D3-BF4B-00C04F79EFBC}") = "Aplicacion", "Aplicacion\Aplicacion.csproj", "{D2948EDC-F8F3-4830-B245-608D96F4F4A1}"
EndProject
Global
	GlobalSection(SolutionConfigurationPlatforms) = preSolution
		Debug|Any CPU = Debug|Any CPU
		Release|Any CPU = Release|Any CPU
	EndGlobalSection
	GlobalSection(SolutionProperties) = preSolution
		HideSolutionNode = FALSE
	EndGlobalSection
	GlobalSection(ProjectConfigurationPlatforms) = postSolution
		{F20954DB-5CC0-4818-BDE2-6F1D417DD98C}.Debug|Any CPU.ActiveCfg = Debug|Any CPU
		{F20954DB-5CC0-4818-BDE2-6F1D417DD98C}.Debug|Any CPU.Build.0 = Debug|Any CPU
		{F20954DB-5CC0-4818-BDE2-6F1D417DD98C}.Release|Any CPU.ActiveCfg = Release|Any CPU
		{F20954DB-5CC0-4818-BDE2-6F1D417DD98C}.Release|Any CPU.Build.0 = Release|Any CPU
		{84988B08-F3E1-4A21-A84E-001909D7D9DD}.Debug|Any CPU.ActiveCfg = Debug|Any CPU
		{84988B08-F3E1-4A21-A84E-001909D7D9DD}.Debug|Any CPU.Build.0 = Debug|Any CPU
		{84988B08-F3E1-4A21-A84E-001909D7D9DD}.Release|Any CPU.ActiveCfg = Release|Any CPU
		{84988B08-F3E1-4A21-A84E-001909D7D9DD}.Release|Any CPU.Build.0 = Release|Any CPU
		{9E93E226-9F96-4102-9303-FBE23672BCA7}.Debug|Any CPU.ActiveCfg = Debug|Any CPU
		{9E93E226-9F96-4102-9303-FBE23672BCA7}.Debug|Any CPU.Build.0 = Debug|Any CPU
		{9E93E226-9F96-4102-9303-FBE23672BCA7}.Release|Any CPU.ActiveCfg = Release|Any CPU
		{9E93E226-9F96-4102-9303-FBE23672BCA7}.Release|Any CPU.Build.0 = Release|Any CPU
		{D2948EDC-F8F3-4830-B245-608D96F4F4A1}.Debug|Any CPU.ActiveCfg = Debug|Any CPU
		{D2948EDC-F8F3-4830-B245-608D96F4F4A1}.Debug|Any CPU.Build.0 = Debug|Any CPU
		{D2948EDC-F8F3-4830-B245-608D96F4F4A1}.Release|Any CPU.ActiveCfg = Release|Any CPU
		{D2948EDC-F8F3-4830-B245-608D96F4F4A1}.Release|Any CPU.Build.0 = Release|Any CPU
	EndGlobalSection
EndGlobal
